
Microsoft Visual Studio Solution File, Format Version 12.00
# Visual Studio Version 16
VisualStudioVersion = 16.0.29102.190
MinimumVisualStudioVersion = 10.0.40219.1
Project("{FAE04EC0-301F-11D3-BF4B-00C04F79EFBC}") = "Parcial1", "Parcial1\Parcial1.csproj", "{F323BA42-5EA7-4EF4-A649-012697BE43BC}"
EndProject
Global
	GlobalSection(SolutionConfigurationPlatforms) = preSolution
		Debug|Any CPU = Debug|Any CPU
		Release|Any CPU = Release|Any CPU
	EndGlobalSection
	GlobalSection(ProjectConfigurationPlatforms) = postSolution
		{F323BA42-5EA7-4EF4-A649-012697BE43BC}.Debug|Any CPU.ActiveCfg = Debug|Any CPU
		{F323BA42-5EA7-4EF4-A649-012697BE43BC}.Debug|Any CPU.Build.0 = Debug|Any CPU
		{F323BA42-5EA7-4EF4-A649-012697BE43BC}.Release|Any CPU.ActiveCfg = Release|Any CPU
		{F323BA42-5EA7-4EF4-A649-012697BE43BC}.Release|Any CPU.Build.0 = Release|Any CPU
	EndGlobalSection
	GlobalSection(SolutionProperties) = preSolution
		HideSolutionNode = FALSE
	EndGlobalSection
	GlobalSection(ExtensibilityGlobals) = postSolution
		SolutionGuid = {B7321539-6273-44DD-9DDD-BBB918B42154}
	EndGlobalSection
EndGlobal
